
Microsoft Visual Studio Solution File, Format Version 12.00
# Visual Studio 15
VisualStudioVersion = 15.0.28307.539
MinimumVisualStudioVersion = 10.0.40219.1
Project("{FAE04EC0-301F-11D3-BF4B-00C04F79EFBC}") = "Practica 3", "Practica 3\Practica 3.csproj", "{78615E01-6CC5-460C-9DF5-45AA14A4D901}"
EndProject
Global
	GlobalSection(SolutionConfigurationPlatforms) = preSolution
		Debug|Any CPU = Debug|Any CPU
		Release|Any CPU = Release|Any CPU
	EndGlobalSection
	GlobalSection(ProjectConfigurationPlatforms) = postSolution
		{78615E01-6CC5-460C-9DF5-45AA14A4D901}.Debug|Any CPU.ActiveCfg = Debug|Any CPU
		{78615E01-6CC5-460C-9DF5-45AA14A4D901}.Debug|Any CPU.Build.0 = Debug|Any CPU
		{78615E01-6CC5-460C-9DF5-45AA14A4D901}.Release|Any CPU.ActiveCfg = Release|Any CPU
		{78615E01-6CC5-460C-9DF5-45AA14A4D901}.Release|Any CPU.Build.0 = Release|Any CPU
	EndGlobalSection
	GlobalSection(SolutionProperties) = preSolution
		HideSolutionNode = FALSE
	EndGlobalSection
	GlobalSection(ExtensibilityGlobals) = postSolution
		SolutionGuid = {7AB701B2-0321-4829-908F-D41F39D4942C}
	EndGlobalSection
EndGlobal
